
Microsoft Visual Studio Solution File, Format Version 12.00
# Visual Studio 2012
Project("{FAE04EC0-301F-11D3-BF4B-00C04F79EFBC}") = "CarOS", "CarOS\CarOS.csproj", "{DDC5F626-199A-4571-B31A-416EFE7BB19D}"
EndProject
Project("{FAE04EC0-301F-11D3-BF4B-00C04F79EFBC}") = "Mono.GameMath", "Mono.GameMath\Mono.GameMath.csproj", "{DAC0541A-CB1C-44CA-BE7C-BF6CD5A8A9EE}"
EndProject
Project("{FAE04EC0-301F-11D3-BF4B-00C04F79EFBC}") = "Applications", "Applications\Applications.csproj", "{C8D1CDA7-3C07-45EE-B9A0-8853BE8F299F}"
EndProject
Global
	GlobalSection(SolutionConfigurationPlatforms) = preSolution
		Debug|x86 = Debug|x86
		Release|x86 = Release|x86
		Safe|Any CPU = Safe|Any CPU
		Unsafe|Any CPU = Unsafe|Any CPU
		Simd|Any CPU = Simd|Any CPU
	EndGlobalSection
	GlobalSection(ProjectConfigurationPlatforms) = postSolution
		{C8D1CDA7-3C07-45EE-B9A0-8853BE8F299F}.Debug|x86.ActiveCfg = Debug|Any CPU
		{C8D1CDA7-3C07-45EE-B9A0-8853BE8F299F}.Debug|x86.Build.0 = Debug|Any CPU
		{C8D1CDA7-3C07-45EE-B9A0-8853BE8F299F}.Release|x86.ActiveCfg = Release|Any CPU
		{C8D1CDA7-3C07-45EE-B9A0-8853BE8F299F}.Release|x86.Build.0 = Release|Any CPU
		{C8D1CDA7-3C07-45EE-B9A0-8853BE8F299F}.Safe|Any CPU.ActiveCfg = Debug|Any CPU
		{C8D1CDA7-3C07-45EE-B9A0-8853BE8F299F}.Safe|Any CPU.Build.0 = Debug|Any CPU
		{C8D1CDA7-3C07-45EE-B9A0-8853BE8F299F}.Simd|Any CPU.ActiveCfg = Debug|Any CPU
		{C8D1CDA7-3C07-45EE-B9A0-8853BE8F299F}.Simd|Any CPU.Build.0 = Debug|Any CPU
		{C8D1CDA7-3C07-45EE-B9A0-8853BE8F299F}.Unsafe|Any CPU.ActiveCfg = Debug|Any CPU
		{C8D1CDA7-3C07-45EE-B9A0-8853BE8F299F}.Unsafe|Any CPU.Build.0 = Debug|Any CPU
		{DAC0541A-CB1C-44CA-BE7C-BF6CD5A8A9EE}.Debug|x86.ActiveCfg = Safe|Any CPU
		{DAC0541A-CB1C-44CA-BE7C-BF6CD5A8A9EE}.Debug|x86.Build.0 = Safe|Any CPU
		{DAC0541A-CB1C-44CA-BE7C-BF6CD5A8A9EE}.Release|x86.ActiveCfg = Safe|Any CPU
		{DAC0541A-CB1C-44CA-BE7C-BF6CD5A8A9EE}.Release|x86.Build.0 = Safe|Any CPU
		{DAC0541A-CB1C-44CA-BE7C-BF6CD5A8A9EE}.Safe|Any CPU.ActiveCfg = Safe|Any CPU
		{DAC0541A-CB1C-44CA-BE7C-BF6CD5A8A9EE}.Safe|Any CPU.Build.0 = Safe|Any CPU
		{DAC0541A-CB1C-44CA-BE7C-BF6CD5A8A9EE}.Simd|Any CPU.ActiveCfg = Simd|Any CPU
		{DAC0541A-CB1C-44CA-BE7C-BF6CD5A8A9EE}.Simd|Any CPU.Build.0 = Simd|Any CPU
		{DAC0541A-CB1C-44CA-BE7C-BF6CD5A8A9EE}.Unsafe|Any CPU.ActiveCfg = Unsafe|Any CPU
		{DAC0541A-CB1C-44CA-BE7C-BF6CD5A8A9EE}.Unsafe|Any CPU.Build.0 = Unsafe|Any CPU
		{DDC5F626-199A-4571-B31A-416EFE7BB19D}.Debug|x86.ActiveCfg = Debug|x86
		{DDC5F626-199A-4571-B31A-416EFE7BB19D}.Debug|x86.Build.0 = Debug|x86
		{DDC5F626-199A-4571-B31A-416EFE7BB19D}.Release|x86.ActiveCfg = Release|x86
		{DDC5F626-199A-4571-B31A-416EFE7BB19D}.Release|x86.Build.0 = Release|x86
		{DDC5F626-199A-4571-B31A-416EFE7BB19D}.Safe|Any CPU.ActiveCfg = Debug|x86
		{DDC5F626-199A-4571-B31A-416EFE7BB19D}.Safe|Any CPU.Build.0 = Debug|x86
		{DDC5F626-199A-4571-B31A-416EFE7BB19D}.Simd|Any CPU.ActiveCfg = Debug|x86
		{DDC5F626-199A-4571-B31A-416EFE7BB19D}.Simd|Any CPU.Build.0 = Debug|x86
		{DDC5F626-199A-4571-B31A-416EFE7BB19D}.Unsafe|Any CPU.ActiveCfg = Debug|x86
		{DDC5F626-199A-4571-B31A-416EFE7BB19D}.Unsafe|Any CPU.Build.0 = Debug|x86
	EndGlobalSection
	GlobalSection(MonoDevelopProperties) = preSolution
		StartupItem = CarOS\CarOS.csproj
	EndGlobalSection
EndGlobal
